
Microsoft Visual Studio Solution File, Format Version 12.00
# Visual Studio 15
Project("{FAE04EC0-301F-11D3-BF4B-00C04F79EFBC}") = "Xamarin.Forms.SegmentedButton", "Xamarin.Forms.SegmentedButton\Xamarin.Forms.SegmentedButton.csproj", "{1DB35C6F-4B2A-4332-95BC-6CA87B4536AB}"
EndProject
Global
	GlobalSection(SolutionConfigurationPlatforms) = preSolution
		Debug|Any CPU = Debug|Any CPU
		Release|Any CPU = Release|Any CPU
	EndGlobalSection
	GlobalSection(ProjectConfigurationPlatforms) = postSolution
		{1DB35C6F-4B2A-4332-95BC-6CA87B4536AB}.Debug|Any CPU.ActiveCfg = Debug|Any CPU
		{1DB35C6F-4B2A-4332-95BC-6CA87B4536AB}.Debug|Any CPU.Build.0 = Debug|Any CPU
		{1DB35C6F-4B2A-4332-95BC-6CA87B4536AB}.Release|Any CPU.ActiveCfg = Release|Any CPU
		{1DB35C6F-4B2A-4332-95BC-6CA87B4536AB}.Release|Any CPU.Build.0 = Release|Any CPU
	EndGlobalSection
EndGlobal
